
Microsoft Visual Studio Solution File, Format Version 12.00
# Visual Studio 15
VisualStudioVersion = 15.0.28307.168
MinimumVisualStudioVersion = 10.0.40219.1
Project("{888888A0-9F3D-457C-B088-3A5042F75D52}") = "DjangoWebProject4", "DjangoWebProject4\DjangoWebProject4.pyproj", "{4B098B36-035F-4B91-8371-88005DE1B0D9}"
EndProject
Global
	GlobalSection(SolutionConfigurationPlatforms) = preSolution
		Debug|Any CPU = Debug|Any CPU
		Release|Any CPU = Release|Any CPU
	EndGlobalSection
	GlobalSection(ProjectConfigurationPlatforms) = postSolution
		{4B098B36-035F-4B91-8371-88005DE1B0D9}.Debug|Any CPU.ActiveCfg = Debug|Any CPU
		{4B098B36-035F-4B91-8371-88005DE1B0D9}.Debug|Any CPU.Build.0 = Debug|Any CPU
		{4B098B36-035F-4B91-8371-88005DE1B0D9}.Release|Any CPU.ActiveCfg = Release|Any CPU
		{4B098B36-035F-4B91-8371-88005DE1B0D9}.Release|Any CPU.Build.0 = Release|Any CPU
	EndGlobalSection
	GlobalSection(SolutionProperties) = preSolution
		HideSolutionNode = FALSE
	EndGlobalSection
	GlobalSection(ExtensibilityGlobals) = postSolution
		SolutionGuid = {6E336B43-DF91-49B3-B7E6-FC3B033CD15F}
	EndGlobalSection
EndGlobal
